// !$*UTF8*$!
{
	archiveVersion = 1;
	classes = {
	};
	objectVersion = 56;
	objects = {

/* Begin PBXBuildFile section */
		721037A92C81A5BA007491AC /* TitleEditView.swift in Sources */ = {isa = PBXBuildFile; fileRef = 721037A82C81A5BA007491AC /* TitleEditView.swift */; };
		72B557DD2C21CB7B00AB2281 /* MainView.swift in Sources */ = {isa = PBXBuildFile; fileRef = 72B557DC2C21CB7B00AB2281 /* MainView.swift */; };
		72C3E2802C215C77004300E4 /* CollectionModel.swift in Sources */ = {isa = PBXBuildFile; fileRef = 72C3E27F2C215C77004300E4 /* CollectionModel.swift */; };
		72C3E2822C216C41004300E4 /* PhotoEditingModel.swift in Sources */ = {isa = PBXBuildFile; fileRef = 72C3E2812C216C41004300E4 /* PhotoEditingModel.swift */; };
		72D28F8C2C2408FC00C21354 /* CropView.swift in Sources */ = {isa = PBXBuildFile; fileRef = 72D28F8B2C2408FC00C21354 /* CropView.swift */; };
		EE75B0032C2158D30002B72C /* Sintony-Bold.ttf in Resources */ = {isa = PBXBuildFile; fileRef = EE75B0012C2158D30002B72C /* Sintony-Bold.ttf */; };
		EE75B0042C2158D30002B72C /* Sintony-Regular.ttf in Resources */ = {isa = PBXBuildFile; fileRef = EE75B0022C2158D30002B72C /* Sintony-Regular.ttf */; };
		EE75B00D2C215C1F0002B72C /* CreateView.swift in Sources */ = {isa = PBXBuildFile; fileRef = EE75B00C2C215C1F0002B72C /* CreateView.swift */; };
		EEB6D6FC2C1FD31400553392 /* PhotoSetApp.swift in Sources */ = {isa = PBXBuildFile; fileRef = EEB6D6FB2C1FD31400553392 /* PhotoSetApp.swift */; };
		EEB6D7002C1FD31500553392 /* Assets.xcassets in Resources */ = {isa = PBXBuildFile; fileRef = EEB6D6FF2C1FD31500553392 /* Assets.xcassets */; };
		EEB6D7032C1FD31500553392 /* Preview Assets.xcassets in Resources */ = {isa = PBXBuildFile; fileRef = EEB6D7022C1FD31500553392 /* Preview Assets.xcassets */; };
		EECD204E2C216D8900F8B735 /* PhotoFrameView.swift in Sources */ = {isa = PBXBuildFile; fileRef = EECD204D2C216D8900F8B735 /* PhotoFrameView.swift */; };
		EECD20542C21728E00F8B735 /* EditView.swift in Sources */ = {isa = PBXBuildFile; fileRef = EECD20532C21728E00F8B735 /* EditView.swift */; };
		EECD20562C21778200F8B735 /* CompleteView.swift in Sources */ = {isa = PBXBuildFile; fileRef = EECD20552C21778200F8B735 /* CompleteView.swift */; };
		EECD20582C21796100F8B735 /* PhotoView.swift in Sources */ = {isa = PBXBuildFile; fileRef = EECD20572C21796100F8B735 /* PhotoView.swift */; };
/* End PBXBuildFile section */

/* Begin PBXFileReference section */
		721037A82C81A5BA007491AC /* TitleEditView.swift */ = {isa = PBXFileReference; lastKnownFileType = sourcecode.swift; path = TitleEditView.swift; sourceTree = "<group>"; };
		72B557DC2C21CB7B00AB2281 /* MainView.swift */ = {isa = PBXFileReference; fileEncoding = 4; lastKnownFileType = sourcecode.swift; path = MainView.swift; sourceTree = "<group>"; };
		72C3E27F2C215C77004300E4 /* CollectionModel.swift */ = {isa = PBXFileReference; lastKnownFileType = sourcecode.swift; path = CollectionModel.swift; sourceTree = "<group>"; };
		72C3E2812C216C41004300E4 /* PhotoEditingModel.swift */ = {isa = PBXFileReference; lastKnownFileType = sourcecode.swift; path = PhotoEditingModel.swift; sourceTree = "<group>"; };
		72D28F8B2C2408FC00C21354 /* CropView.swift */ = {isa = PBXFileReference; lastKnownFileType = sourcecode.swift; path = CropView.swift; sourceTree = "<group>"; };
		EE75B0012C2158D30002B72C /* Sintony-Bold.ttf */ = {isa = PBXFileReference; lastKnownFileType = file; path = "Sintony-Bold.ttf"; sourceTree = "<group>"; };
		EE75B0022C2158D30002B72C /* Sintony-Regular.ttf */ = {isa = PBXFileReference; lastKnownFileType = file; path = "Sintony-Regular.ttf"; sourceTree = "<group>"; };
		EE75B00C2C215C1F0002B72C /* CreateView.swift */ = {isa = PBXFileReference; lastKnownFileType = sourcecode.swift; path = CreateView.swift; sourceTree = "<group>"; };
		EEB6D6F82C1FD31400553392 /* PhotoSet.app */ = {isa = PBXFileReference; explicitFileType = wrapper.application; includeInIndex = 0; path = PhotoSet.app; sourceTree = BUILT_PRODUCTS_DIR; };
		EEB6D6FB2C1FD31400553392 /* PhotoSetApp.swift */ = {isa = PBXFileReference; lastKnownFileType = sourcecode.swift; path = PhotoSetApp.swift; sourceTree = "<group>"; };
		EEB6D6FF2C1FD31500553392 /* Assets.xcassets */ = {isa = PBXFileReference; lastKnownFileType = folder.assetcatalog; path = Assets.xcassets; sourceTree = "<group>"; };
		EEB6D7022C1FD31500553392 /* Preview Assets.xcassets */ = {isa = PBXFileReference; lastKnownFileType = folder.assetcatalog; path = "Preview Assets.xcassets"; sourceTree = "<group>"; };
		EECD204D2C216D8900F8B735 /* PhotoFrameView.swift */ = {isa = PBXFileReference; lastKnownFileType = sourcecode.swift; path = PhotoFrameView.swift; sourceTree = "<group>"; };
		EECD20532C21728E00F8B735 /* EditView.swift */ = {isa = PBXFileReference; lastKnownFileType = sourcecode.swift; path = EditView.swift; sourceTree = "<group>"; };
		EECD20552C21778200F8B735 /* CompleteView.swift */ = {isa = PBXFileReference; lastKnownFileType = sourcecode.swift; path = CompleteView.swift; sourceTree = "<group>"; };
		EECD20572C21796100F8B735 /* PhotoView.swift */ = {isa = PBXFileReference; lastKnownFileType = sourcecode.swift; path = PhotoView.swift; sourceTree = "<group>"; };
/* End PBXFileReference section */

/* Begin PBXFrameworksBuildPhase section */
		EEB6D6F52C1FD31400553392 /* Frameworks */ = {
			isa = PBXFrameworksBuildPhase;
			buildActionMask = 2147483647;
			files = (
			);
			runOnlyForDeploymentPostprocessing = 0;
		};
/* End PBXFrameworksBuildPhase section */

/* Begin PBXGroup section */
		72C3E2832C216CE1004300E4 /* Model */ = {
			isa = PBXGroup;
			children = (
				72C3E27F2C215C77004300E4 /* CollectionModel.swift */,
				72C3E2812C216C41004300E4 /* PhotoEditingModel.swift */,
			);
			path = Model;
			sourceTree = "<group>";
		};
		EE75B0052C2158DA0002B72C /* Font */ = {
			isa = PBXGroup;
			children = (
				EE75B0012C2158D30002B72C /* Sintony-Bold.ttf */,
				EE75B0022C2158D30002B72C /* Sintony-Regular.ttf */,
			);
			path = Font;
			sourceTree = "<group>";
		};
		EE75B00B2C215BF90002B72C /* View */ = {
			isa = PBXGroup;
			children = (
				72B557DC2C21CB7B00AB2281 /* MainView.swift */,
				EE75B00C2C215C1F0002B72C /* CreateView.swift */,
				EECD204D2C216D8900F8B735 /* PhotoFrameView.swift */,
				EECD20532C21728E00F8B735 /* EditView.swift */,
				72D28F8B2C2408FC00C21354 /* CropView.swift */,
				EECD20552C21778200F8B735 /* CompleteView.swift */,
				721037A82C81A5BA007491AC /* TitleEditView.swift */,
				EECD20572C21796100F8B735 /* PhotoView.swift */,
			);
			path = View;
			sourceTree = "<group>";
		};
		EEB6D6EF2C1FD31400553392 = {
			isa = PBXGroup;
			children = (
				EEB6D6FA2C1FD31400553392 /* PhotoSet */,
				EEB6D6F92C1FD31400553392 /* Products */,
			);
			sourceTree = "<group>";
		};
		EEB6D6F92C1FD31400553392 /* Products */ = {
			isa = PBXGroup;
			children = (
				EEB6D6F82C1FD31400553392 /* PhotoSet.app */,
			);
			name = Products;
			sourceTree = "<group>";
		};
		EEB6D6FA2C1FD31400553392 /* PhotoSet */ = {
			isa = PBXGroup;
			children = (
				EEB6D6FB2C1FD31400553392 /* PhotoSetApp.swift */,
				72C3E2832C216CE1004300E4 /* Model */,
				EE75B00B2C215BF90002B72C /* View */,
				EEB6D6FF2C1FD31500553392 /* Assets.xcassets */,
				EE75B0052C2158DA0002B72C /* Font */,
				EEB6D7012C1FD31500553392 /* Preview Content */,
			);
			path = PhotoSet;
			sourceTree = "<group>";
		};
		EEB6D7012C1FD31500553392 /* Preview Content */ = {
			isa = PBXGroup;
			children = (
				EEB6D7022C1FD31500553392 /* Preview Assets.xcassets */,
			);
			path = "Preview Content";
			sourceTree = "<group>";
		};
/* End PBXGroup section */

/* Begin PBXNativeTarget section */
		EEB6D6F72C1FD31400553392 /* PhotoSet */ = {
			isa = PBXNativeTarget;
			buildConfigurationList = EEB6D7062C1FD31500553392 /* Build configuration list for PBXNativeTarget "PhotoSet" */;
			buildPhases = (
				EEB6D6F42C1FD31400553392 /* Sources */,
				EEB6D6F52C1FD31400553392 /* Frameworks */,
				EEB6D6F62C1FD31400553392 /* Resources */,
			);
			buildRules = (
			);
			dependencies = (
			);
			name = PhotoSet;
			productName = PhotoKitsm;
			productReference = EEB6D6F82C1FD31400553392 /* PhotoSet.app */;
			productType = "com.apple.product-type.application";
		};
/* End PBXNativeTarget section */

/* Begin PBXProject section */
		EEB6D6F02C1FD31400553392 /* Project object */ = {
			isa = PBXProject;
			attributes = {
				BuildIndependentTargetsInParallel = 1;
				LastSwiftUpdateCheck = 1540;
				LastUpgradeCheck = 1540;
				TargetAttributes = {
					EEB6D6F72C1FD31400553392 = {
						CreatedOnToolsVersion = 15.4;
					};
				};
			};
			buildConfigurationList = EEB6D6F32C1FD31400553392 /* Build configuration list for PBXProject "PhotoSet" */;
			compatibilityVersion = "Xcode 14.0";
			developmentRegion = en;
			hasScannedForEncodings = 0;
			knownRegions = (
				en,
				Base,
			);
			mainGroup = EEB6D6EF2C1FD31400553392;
			productRefGroup = EEB6D6F92C1FD31400553392 /* Products */;
			projectDirPath = "";
			projectRoot = "";
			targets = (
				EEB6D6F72C1FD31400553392 /* PhotoSet */,
			);
		};
/* End PBXProject section */

/* Begin PBXResourcesBuildPhase section */
		EEB6D6F62C1FD31400553392 /* Resources */ = {
			isa = PBXResourcesBuildPhase;
			buildActionMask = 2147483647;
			files = (
				EEB6D7032C1FD31500553392 /* Preview Assets.xcassets in Resources */,
				EE75B0032C2158D30002B72C /* Sintony-Bold.ttf in Resources */,
				EE75B0042C2158D30002B72C /* Sintony-Regular.ttf in Resources */,
				EEB6D7002C1FD31500553392 /* Assets.xcassets in Resources */,
			);
			runOnlyForDeploymentPostprocessing = 0;
		};
/* End PBXResourcesBuildPhase section */

/* Begin PBXSourcesBuildPhase section */
		EEB6D6F42C1FD31400553392 /* Sources */ = {
			isa = PBXSourcesBuildPhase;
			buildActionMask = 2147483647;
			files = (
				72C3E2822C216C41004300E4 /* PhotoEditingModel.swift in Sources */,
				721037A92C81A5BA007491AC /* TitleEditView.swift in Sources */,
				72D28F8C2C2408FC00C21354 /* CropView.swift in Sources */,
				EEB6D6FC2C1FD31400553392 /* PhotoSetApp.swift in Sources */,
				72C3E2802C215C77004300E4 /* CollectionModel.swift in Sources */,
				EECD20562C21778200F8B735 /* CompleteView.swift in Sources */,
				EE75B00D2C215C1F0002B72C /* CreateView.swift in Sources */,
				EECD20542C21728E00F8B735 /* EditView.swift in Sources */,
				EEB6D6FC2C1FD31400553392 /* PhotoSetApp.swift in Sources */,
				72B557DD2C21CB7B00AB2281 /* MainView.swift in Sources */,
				EECD204E2C216D8900F8B735 /* PhotoFrameView.swift in Sources */,
				EECD20582C21796100F8B735 /* PhotoView.swift in Sources */,
			);
			runOnlyForDeploymentPostprocessing = 0;
		};
/* End PBXSourcesBuildPhase section */

/* Begin XCBuildConfiguration section */
		EEB6D7042C1FD31500553392 /* Debug */ = {
			isa = XCBuildConfiguration;
			buildSettings = {
				ALWAYS_SEARCH_USER_PATHS = NO;
				ASSETCATALOG_COMPILER_GENERATE_SWIFT_ASSET_SYMBOL_EXTENSIONS = YES;
				CLANG_ANALYZER_NONNULL = YES;
				CLANG_ANALYZER_NUMBER_OBJECT_CONVERSION = YES_AGGRESSIVE;
				CLANG_CXX_LANGUAGE_STANDARD = "gnu++20";
				CLANG_ENABLE_MODULES = YES;
				CLANG_ENABLE_OBJC_ARC = YES;
				CLANG_ENABLE_OBJC_WEAK = YES;
				CLANG_WARN_BLOCK_CAPTURE_AUTORELEASING = YES;
				CLANG_WARN_BOOL_CONVERSION = YES;
				CLANG_WARN_COMMA = YES;
				CLANG_WARN_CONSTANT_CONVERSION = YES;
				CLANG_WARN_DEPRECATED_OBJC_IMPLEMENTATIONS = YES;
				CLANG_WARN_DIRECT_OBJC_ISA_USAGE = YES_ERROR;
				CLANG_WARN_DOCUMENTATION_COMMENTS = YES;
				CLANG_WARN_EMPTY_BODY = YES;
				CLANG_WARN_ENUM_CONVERSION = YES;
				CLANG_WARN_INFINITE_RECURSION = YES;
				CLANG_WARN_INT_CONVERSION = YES;
				CLANG_WARN_NON_LITERAL_NULL_CONVERSION = YES;
				CLANG_WARN_OBJC_IMPLICIT_RETAIN_SELF = YES;
				CLANG_WARN_OBJC_LITERAL_CONVERSION = YES;
				CLANG_WARN_OBJC_ROOT_CLASS = YES_ERROR;
				CLANG_WARN_QUOTED_INCLUDE_IN_FRAMEWORK_HEADER = YES;
				CLANG_WARN_RANGE_LOOP_ANALYSIS = YES;
				CLANG_WARN_STRICT_PROTOTYPES = YES;
				CLANG_WARN_SUSPICIOUS_MOVE = YES;
				CLANG_WARN_UNGUARDED_AVAILABILITY = YES_AGGRESSIVE;
				CLANG_WARN_UNREACHABLE_CODE = YES;
				CLANG_WARN__DUPLICATE_METHOD_MATCH = YES;
				COPY_PHASE_STRIP = NO;
				DEBUG_INFORMATION_FORMAT = dwarf;
				ENABLE_STRICT_OBJC_MSGSEND = YES;
				ENABLE_TESTABILITY = YES;
				ENABLE_USER_SCRIPT_SANDBOXING = YES;
				GCC_C_LANGUAGE_STANDARD = gnu17;
				GCC_DYNAMIC_NO_PIC = NO;
				GCC_NO_COMMON_BLOCKS = YES;
				GCC_OPTIMIZATION_LEVEL = 0;
				GCC_PREPROCESSOR_DEFINITIONS = (
					"DEBUG=1",
					"$(inherited)",
				);
				GCC_WARN_64_TO_32_BIT_CONVERSION = YES;
				GCC_WARN_ABOUT_RETURN_TYPE = YES_ERROR;
				GCC_WARN_UNDECLARED_SELECTOR = YES;
				GCC_WARN_UNINITIALIZED_AUTOS = YES_AGGRESSIVE;
				GCC_WARN_UNUSED_FUNCTION = YES;
				GCC_WARN_UNUSED_VARIABLE = YES;
				IPHONEOS_DEPLOYMENT_TARGET = 17.4;
				LOCALIZATION_PREFERS_STRING_CATALOGS = YES;
				MTL_ENABLE_DEBUG_INFO = INCLUDE_SOURCE;
				MTL_FAST_MATH = YES;
				ONLY_ACTIVE_ARCH = YES;
				SDKROOT = iphoneos;
				SWIFT_ACTIVE_COMPILATION_CONDITIONS = "DEBUG $(inherited)";
				SWIFT_OPTIMIZATION_LEVEL = "-Onone";
			};
			name = Debug;
		};
		EEB6D7052C1FD31500553392 /* Release */ = {
			isa = XCBuildConfiguration;
			buildSettings = {
				ALWAYS_SEARCH_USER_PATHS = NO;
				ASSETCATALOG_COMPILER_GENERATE_SWIFT_ASSET_SYMBOL_EXTENSIONS = YES;
				CLANG_ANALYZER_NONNULL = YES;
				CLANG_ANALYZER_NUMBER_OBJECT_CONVERSION = YES_AGGRESSIVE;
				CLANG_CXX_LANGUAGE_STANDARD = "gnu++20";
				CLANG_ENABLE_MODULES = YES;
				CLANG_ENABLE_OBJC_ARC = YES;
				CLANG_ENABLE_OBJC_WEAK = YES;
				CLANG_WARN_BLOCK_CAPTURE_AUTORELEASING = YES;
				CLANG_WARN_BOOL_CONVERSION = YES;
				CLANG_WARN_COMMA = YES;
				CLANG_WARN_CONSTANT_CONVERSION = YES;
				CLANG_WARN_DEPRECATED_OBJC_IMPLEMENTATIONS = YES;
				CLANG_WARN_DIRECT_OBJC_ISA_USAGE = YES_ERROR;
				CLANG_WARN_DOCUMENTATION_COMMENTS = YES;
				CLANG_WARN_EMPTY_BODY = YES;
				CLANG_WARN_ENUM_CONVERSION = YES;
				CLANG_WARN_INFINITE_RECURSION = YES;
				CLANG_WARN_INT_CONVERSION = YES;
				CLANG_WARN_NON_LITERAL_NULL_CONVERSION = YES;
				CLANG_WARN_OBJC_IMPLICIT_RETAIN_SELF = YES;
				CLANG_WARN_OBJC_LITERAL_CONVERSION = YES;
				CLANG_WARN_OBJC_ROOT_CLASS = YES_ERROR;
				CLANG_WARN_QUOTED_INCLUDE_IN_FRAMEWORK_HEADER = YES;
				CLANG_WARN_RANGE_LOOP_ANALYSIS = YES;
				CLANG_WARN_STRICT_PROTOTYPES = YES;
				CLANG_WARN_SUSPICIOUS_MOVE = YES;
				CLANG_WARN_UNGUARDED_AVAILABILITY = YES_AGGRESSIVE;
				CLANG_WARN_UNREACHABLE_CODE = YES;
				CLANG_WARN__DUPLICATE_METHOD_MATCH = YES;
				COPY_PHASE_STRIP = NO;
				DEBUG_INFORMATION_FORMAT = "dwarf-with-dsym";
				ENABLE_NS_ASSERTIONS = NO;
				ENABLE_STRICT_OBJC_MSGSEND = YES;
				ENABLE_USER_SCRIPT_SANDBOXING = YES;
				GCC_C_LANGUAGE_STANDARD = gnu17;
				GCC_NO_COMMON_BLOCKS = YES;
				GCC_WARN_64_TO_32_BIT_CONVERSION = YES;
				GCC_WARN_ABOUT_RETURN_TYPE = YES_ERROR;
				GCC_WARN_UNDECLARED_SELECTOR = YES;
				GCC_WARN_UNINITIALIZED_AUTOS = YES_AGGRESSIVE;
				GCC_WARN_UNUSED_FUNCTION = YES;
				GCC_WARN_UNUSED_VARIABLE = YES;
				IPHONEOS_DEPLOYMENT_TARGET = 17.4;
				LOCALIZATION_PREFERS_STRING_CATALOGS = YES;
				MTL_ENABLE_DEBUG_INFO = NO;
				MTL_FAST_MATH = YES;
				SDKROOT = iphoneos;
				SWIFT_COMPILATION_MODE = wholemodule;
				VALIDATE_PRODUCT = YES;
			};
			name = Release;
		};
		EEB6D7072C1FD31500553392 /* Debug */ = {
			isa = XCBuildConfiguration;
			buildSettings = {
				ASSETCATALOG_COMPILER_APPICON_NAME = AppIcon;
				ASSETCATALOG_COMPILER_GLOBAL_ACCENT_COLOR_NAME = AccentColor;
				CODE_SIGN_STYLE = Automatic;
				CURRENT_PROJECT_VERSION = 1;
				DEVELOPMENT_ASSET_PATHS = "\"PhotoSet/Preview Content\"";
				DEVELOPMENT_TEAM = 7FD4JN9V32;
				ENABLE_PREVIEWS = YES;
				GENERATE_INFOPLIST_FILE = YES;
				INFOPLIST_FILE = PhotoSet/Info.plist;
				INFOPLIST_KEY_NSPhotoLibraryAddUsageDescription = "";
				INFOPLIST_KEY_UIApplicationSceneManifest_Generation = YES;
				INFOPLIST_KEY_UIApplicationSupportsIndirectInputEvents = YES;
				INFOPLIST_KEY_UILaunchScreen_Generation = YES;
				INFOPLIST_KEY_UISupportedInterfaceOrientations = UIInterfaceOrientationPortrait;
				INFOPLIST_KEY_UISupportedInterfaceOrientations_iPad = "UIInterfaceOrientationLandscapeLeft UIInterfaceOrientationLandscapeRight UIInterfaceOrientationPortrait UIInterfaceOrientationPortraitUpsideDown";
				INFOPLIST_KEY_UIUserInterfaceStyle = Light;
				IPHONEOS_DEPLOYMENT_TARGET = 17.0;
				LD_RUNPATH_SEARCH_PATHS = (
					"$(inherited)",
					"@executable_path/Frameworks",
				);
				MARKETING_VERSION = 1.0;
				PRODUCT_BUNDLE_IDENTIFIER = com.morang.PhotoSet;
				PRODUCT_NAME = "$(TARGET_NAME)";
				SUPPORTED_PLATFORMS = "iphoneos iphonesimulator";
				SUPPORTS_MACCATALYST = NO;
				SUPPORTS_MAC_DESIGNED_FOR_IPHONE_IPAD = NO;
				SUPPORTS_XR_DESIGNED_FOR_IPHONE_IPAD = NO;
				SWIFT_EMIT_LOC_STRINGS = YES;
				SWIFT_VERSION = 5.0;
				TARGETED_DEVICE_FAMILY = 1;
			};
			name = Debug;
		};
		EEB6D7082C1FD31500553392 /* Release */ = {
			isa = XCBuildConfiguration;
			buildSettings = {
				ASSETCATALOG_COMPILER_APPICON_NAME = AppIcon;
				ASSETCATALOG_COMPILER_GLOBAL_ACCENT_COLOR_NAME = AccentColor;
				CODE_SIGN_STYLE = Automatic;
				CURRENT_PROJECT_VERSION = 1;
				DEVELOPMENT_ASSET_PATHS = "\"PhotoSet/Preview Content\"";
				DEVELOPMENT_TEAM = 7FD4JN9V32;
				ENABLE_PREVIEWS = YES;
				GENERATE_INFOPLIST_FILE = YES;
				INFOPLIST_FILE = PhotoSet/Info.plist;
				INFOPLIST_KEY_NSPhotoLibraryAddUsageDescription = "";
				INFOPLIST_KEY_UIApplicationSceneManifest_Generation = YES;
				INFOPLIST_KEY_UIApplicationSupportsIndirectInputEvents = YES;
				INFOPLIST_KEY_UILaunchScreen_Generation = YES;
				INFOPLIST_KEY_UISupportedInterfaceOrientations = UIInterfaceOrientationPortrait;
				INFOPLIST_KEY_UISupportedInterfaceOrientations_iPad = "UIInterfaceOrientationLandscapeLeft UIInterfaceOrientationLandscapeRight UIInterfaceOrientationPortrait UIInterfaceOrientationPortraitUpsideDown";
				INFOPLIST_KEY_UIUserInterfaceStyle = Light;
				IPHONEOS_DEPLOYMENT_TARGET = 17.0;
				LD_RUNPATH_SEARCH_PATHS = (
					"$(inherited)",
					"@executable_path/Frameworks",
				);
				MARKETING_VERSION = 1.0;
				PRODUCT_BUNDLE_IDENTIFIER = com.morang.PhotoSet;
				PRODUCT_NAME = "$(TARGET_NAME)";
				SUPPORTED_PLATFORMS = "iphoneos iphonesimulator";
				SUPPORTS_MACCATALYST = NO;
				SUPPORTS_MAC_DESIGNED_FOR_IPHONE_IPAD = NO;
				SUPPORTS_XR_DESIGNED_FOR_IPHONE_IPAD = NO;
				SWIFT_EMIT_LOC_STRINGS = YES;
				SWIFT_VERSION = 5.0;
				TARGETED_DEVICE_FAMILY = 1;
			};
			name = Release;
		};
/* End XCBuildConfiguration section */

/* Begin XCConfigurationList section */
		EEB6D6F32C1FD31400553392 /* Build configuration list for PBXProject "PhotoSet" */ = {
			isa = XCConfigurationList;
			buildConfigurations = (
				EEB6D7042C1FD31500553392 /* Debug */,
				EEB6D7052C1FD31500553392 /* Release */,
			);
			defaultConfigurationIsVisible = 0;
			defaultConfigurationName = Release;
		};
		EEB6D7062C1FD31500553392 /* Build configuration list for PBXNativeTarget "PhotoSet" */ = {
			isa = XCConfigurationList;
			buildConfigurations = (
				EEB6D7072C1FD31500553392 /* Debug */,
				EEB6D7082C1FD31500553392 /* Release */,
			);
			defaultConfigurationIsVisible = 0;
			defaultConfigurationName = Release;
		};
/* End XCConfigurationList section */
	};
	rootObject = EEB6D6F02C1FD31400553392 /* Project object */;
}
